// !$*UTF8*$!
{
	archiveVersion = 1;
	classes = {
	};
	objectVersion = 50;
	objects = {

/* Begin PBXBuildFile section */
		4E64198A255A5032003F4032 /* AppDelegate.swift in Sources */ = {isa = PBXBuildFile; fileRef = 4E641989255A5032003F4032 /* AppDelegate.swift */; };
		4E64198C255A5032003F4032 /* SceneDelegate.swift in Sources */ = {isa = PBXBuildFile; fileRef = 4E64198B255A5032003F4032 /* SceneDelegate.swift */; };
		4E64198E255A5032003F4032 /* ViewController.swift in Sources */ = {isa = PBXBuildFile; fileRef = 4E64198D255A5032003F4032 /* ViewController.swift */; };
		4E641991255A5032003F4032 /* Main.storyboard in Resources */ = {isa = PBXBuildFile; fileRef = 4E64198F255A5032003F4032 /* Main.storyboard */; };
		4E641993255A5033003F4032 /* Assets.xcassets in Resources */ = {isa = PBXBuildFile; fileRef = 4E641992255A5033003F4032 /* Assets.xcassets */; };
		4E641996255A5033003F4032 /* LaunchScreen.storyboard in Resources */ = {isa = PBXBuildFile; fileRef = 4E641994255A5033003F4032 /* LaunchScreen.storyboard */; };
		4E6419A1255A5033003F4032 /* soccer1Tests.swift in Sources */ = {isa = PBXBuildFile; fileRef = 4E6419A0255A5033003F4032 /* soccer1Tests.swift */; };
		4E6419AC255A5033003F4032 /* soccer1UITests.swift in Sources */ = {isa = PBXBuildFile; fileRef = 4E6419AB255A5033003F4032 /* soccer1UITests.swift */; };
/* End PBXBuildFile section */

/* Begin PBXContainerItemProxy section */
		4E64199D255A5033003F4032 /* PBXContainerItemProxy */ = {
			isa = PBXContainerItemProxy;
			containerPortal = 4E64197E255A5032003F4032 /* Project object */;
			proxyType = 1;
			remoteGlobalIDString = 4E641985255A5032003F4032;
			remoteInfo = soccer1;
		};
		4E6419A8255A5033003F4032 /* PBXContainerItemProxy */ = {
			isa = PBXContainerItemProxy;
			containerPortal = 4E64197E255A5032003F4032 /* Project object */;
			proxyType = 1;
			remoteGlobalIDString = 4E641985255A5032003F4032;
			remoteInfo = soccer1;
		};
/* End PBXContainerItemProxy section */

/* Begin PBXFileReference section */
		4E641986255A5032003F4032 /* soccer1.app */ = {isa = PBXFileReference; explicitFileType = wrapper.application; includeInIndex = 0; path = soccer1.app; sourceTree = BUILT_PRODUCTS_DIR; };
		4E641989255A5032003F4032 /* AppDelegate.swift */ = {isa = PBXFileReference; lastKnownFileType = sourcecode.swift; path = AppDelegate.swift; sourceTree = "<group>"; };
		4E64198B255A5032003F4032 /* SceneDelegate.swift */ = {isa = PBXFileReference; lastKnownFileType = sourcecode.swift; path = SceneDelegate.swift; sourceTree = "<group>"; };
		4E64198D255A5032003F4032 /* ViewController.swift */ = {isa = PBXFileReference; lastKnownFileType = sourcecode.swift; path = ViewController.swift; sourceTree = "<group>"; };
		4E641990255A5032003F4032 /* Base */ = {isa = PBXFileReference; lastKnownFileType = file.storyboard; name = Base; path = Base.lproj/Main.storyboard; sourceTree = "<group>"; };
		4E641992255A5033003F4032 /* Assets.xcassets */ = {isa = PBXFileReference; lastKnownFileType = folder.assetcatalog; path = Assets.xcassets; sourceTree = "<group>"; };
		4E641995255A5033003F4032 /* Base */ = {isa = PBXFileReference; lastKnownFileType = file.storyboard; name = Base; path = Base.lproj/LaunchScreen.storyboard; sourceTree = "<group>"; };
		4E641997255A5033003F4032 /* Info.plist */ = {isa = PBXFileReference; lastKnownFileType = text.plist.xml; path = Info.plist; sourceTree = "<group>"; };
		4E64199C255A5033003F4032 /* soccer1Tests.xctest */ = {isa = PBXFileReference; explicitFileType = wrapper.cfbundle; includeInIndex = 0; path = soccer1Tests.xctest; sourceTree = BUILT_PRODUCTS_DIR; };
		4E6419A0255A5033003F4032 /* soccer1Tests.swift */ = {isa = PBXFileReference; lastKnownFileType = sourcecode.swift; path = soccer1Tests.swift; sourceTree = "<group>"; };
		4E6419A2255A5033003F4032 /* Info.plist */ = {isa = PBXFileReference; lastKnownFileType = text.plist.xml; path = Info.plist; sourceTree = "<group>"; };
		4E6419A7255A5033003F4032 /* soccer1UITests.xctest */ = {isa = PBXFileReference; explicitFileType = wrapper.cfbundle; includeInIndex = 0; path = soccer1UITests.xctest; sourceTree = BUILT_PRODUCTS_DIR; };
		4E6419AB255A5033003F4032 /* soccer1UITests.swift */ = {isa = PBXFileReference; lastKnownFileType = sourcecode.swift; path = soccer1UITests.swift; sourceTree = "<group>"; };
		4E6419AD255A5033003F4032 /* Info.plist */ = {isa = PBXFileReference; lastKnownFileType = text.plist.xml; path = Info.plist; sourceTree = "<group>"; };
/* End PBXFileReference section */

/* Begin PBXFrameworksBuildPhase section */
		4E641983255A5032003F4032 /* Frameworks */ = {
			isa = PBXFrameworksBuildPhase;
			buildActionMask = 2147483647;
			files = (
			);
			runOnlyForDeploymentPostprocessing = 0;
		};
		4E641999255A5033003F4032 /* Frameworks */ = {
			isa = PBXFrameworksBuildPhase;
			buildActionMask = 2147483647;
			files = (
			);
			runOnlyForDeploymentPostprocessing = 0;
		};
		4E6419A4255A5033003F4032 /* Frameworks */ = {
			isa = PBXFrameworksBuildPhase;
			buildActionMask = 2147483647;
			files = (
			);
			runOnlyForDeploymentPostprocessing = 0;
		};
/* End PBXFrameworksBuildPhase section */

/* Begin PBXGroup section */
		4E64197D255A5032003F4032 = {
			isa = PBXGroup;
			children = (
				4E641988255A5032003F4032 /* soccer1 */,
				4E64199F255A5033003F4032 /* soccer1Tests */,
				4E6419AA255A5033003F4032 /* soccer1UITests */,
				4E641987255A5032003F4032 /* Products */,
			);
			sourceTree = "<group>";
		};
		4E641987255A5032003F4032 /* Products */ = {
			isa = PBXGroup;
			children = (
				4E641986255A5032003F4032 /* soccer1.app */,
				4E64199C255A5033003F4032 /* soccer1Tests.xctest */,
				4E6419A7255A5033003F4032 /* soccer1UITests.xctest */,
			);
			name = Products;
			sourceTree = "<group>";
		};
		4E641988255A5032003F4032 /* soccer1 */ = {
			isa = PBXGroup;
			children = (
				4E641989255A5032003F4032 /* AppDelegate.swift */,
				4E64198B255A5032003F4032 /* SceneDelegate.swift */,
				4E64198D255A5032003F4032 /* ViewController.swift */,
				4E64198F255A5032003F4032 /* Main.storyboard */,
				4E641992255A5033003F4032 /* Assets.xcassets */,
				4E641994255A5033003F4032 /* LaunchScreen.storyboard */,
				4E641997255A5033003F4032 /* Info.plist */,
			);
			path = soccer1;
			sourceTree = "<group>";
		};
		4E64199F255A5033003F4032 /* soccer1Tests */ = {
			isa = PBXGroup;
			children = (
				4E6419A0255A5033003F4032 /* soccer1Tests.swift */,
				4E6419A2255A5033003F4032 /* Info.plist */,
			);
			path = soccer1Tests;
			sourceTree = "<group>";
		};
		4E6419AA255A5033003F4032 /* soccer1UITests */ = {
			isa = PBXGroup;
			children = (
				4E6419AB255A5033003F4032 /* soccer1UITests.swift */,
				4E6419AD255A5033003F4032 /* Info.plist */,
			);
			path = soccer1UITests;
			sourceTree = "<group>";
		};
/* End PBXGroup section */

/* Begin PBXNativeTarget section */
		4E641985255A5032003F4032 /* soccer1 */ = {
			isa = PBXNativeTarget;
			buildConfigurationList = 4E6419B0255A5033003F4032 /* Build configuration list for PBXNativeTarget "soccer1" */;
			buildPhases = (
				4E641982255A5032003F4032 /* Sources */,
				4E641983255A5032003F4032 /* Frameworks */,
				4E641984255A5032003F4032 /* Resources */,
			);
			buildRules = (
			);
			dependencies = (
			);
			name = soccer1;
			productName = soccer1;
			productReference = 4E641986255A5032003F4032 /* soccer1.app */;
			productType = "com.apple.product-type.application";
		};
		4E64199B255A5033003F4032 /* soccer1Tests */ = {
			isa = PBXNativeTarget;
			buildConfigurationList = 4E6419B3255A5033003F4032 /* Build configuration list for PBXNativeTarget "soccer1Tests" */;
			buildPhases = (
				4E641998255A5033003F4032 /* Sources */,
				4E641999255A5033003F4032 /* Frameworks */,
				4E64199A255A5033003F4032 /* Resources */,
			);
			buildRules = (
			);
			dependencies = (
				4E64199E255A5033003F4032 /* PBXTargetDependency */,
			);
			name = soccer1Tests;
			productName = soccer1Tests;
			productReference = 4E64199C255A5033003F4032 /* soccer1Tests.xctest */;
			productType = "com.apple.product-type.bundle.unit-test";
		};
		4E6419A6255A5033003F4032 /* soccer1UITests */ = {
			isa = PBXNativeTarget;
			buildConfigurationList = 4E6419B6255A5033003F4032 /* Build configuration list for PBXNativeTarget "soccer1UITests" */;
			buildPhases = (
				4E6419A3255A5033003F4032 /* Sources */,
				4E6419A4255A5033003F4032 /* Frameworks */,
				4E6419A5255A5033003F4032 /* Resources */,
			);
			buildRules = (
			);
			dependencies = (
				4E6419A9255A5033003F4032 /* PBXTargetDependency */,
			);
			name = soccer1UITests;
			productName = soccer1UITests;
			productReference = 4E6419A7255A5033003F4032 /* soccer1UITests.xctest */;
			productType = "com.apple.product-type.bundle.ui-testing";
		};
/* End PBXNativeTarget section */

/* Begin PBXProject section */
		4E64197E255A5032003F4032 /* Project object */ = {
			isa = PBXProject;
			attributes = {
				LastSwiftUpdateCheck = 1220;
				LastUpgradeCheck = 1220;
				TargetAttributes = {
					4E641985255A5032003F4032 = {
						CreatedOnToolsVersion = 12.2;
					};
					4E64199B255A5033003F4032 = {
						CreatedOnToolsVersion = 12.2;
						TestTargetID = 4E641985255A5032003F4032;
					};
					4E6419A6255A5033003F4032 = {
						CreatedOnToolsVersion = 12.2;
						TestTargetID = 4E641985255A5032003F4032;
					};
				};
			};
			buildConfigurationList = 4E641981255A5032003F4032 /* Build configuration list for PBXProject "soccer1" */;
			compatibilityVersion = "Xcode 9.3";
			developmentRegion = en;
			hasScannedForEncodings = 0;
			knownRegions = (
				en,
				Base,
			);
			mainGroup = 4E64197D255A5032003F4032;
			productRefGroup = 4E641987255A5032003F4032 /* Products */;
			projectDirPath = "";
			projectRoot = "";
			targets = (
				4E641985255A5032003F4032 /* soccer1 */,
				4E64199B255A5033003F4032 /* soccer1Tests */,
				4E6419A6255A5033003F4032 /* soccer1UITests */,
			);
		};
/* End PBXProject section */

/* Begin PBXResourcesBuildPhase section */
		4E641984255A5032003F4032 /* Resources */ = {
			isa = PBXResourcesBuildPhase;
			buildActionMask = 2147483647;
			files = (
				4E641996255A5033003F4032 /* LaunchScreen.storyboard in Resources */,
				4E641993255A5033003F4032 /* Assets.xcassets in Resources */,
				4E641991255A5032003F4032 /* Main.storyboard in Resources */,
			);
			runOnlyForDeploymentPostprocessing = 0;
		};
		4E64199A255A5033003F4032 /* Resources */ = {
			isa = PBXResourcesBuildPhase;
			buildActionMask = 2147483647;
			files = (
			);
			runOnlyForDeploymentPostprocessing = 0;
		};
		4E6419A5255A5033003F4032 /* Resources */ = {
			isa = PBXResourcesBuildPhase;
			buildActionMask = 2147483647;
			files = (
			);
			runOnlyForDeploymentPostprocessing = 0;
		};
/* End PBXResourcesBuildPhase section */

/* Begin PBXSourcesBuildPhase section */
		4E641982255A5032003F4032 /* Sources */ = {
			isa = PBXSourcesBuildPhase;
			buildActionMask = 2147483647;
			files = (
				4E64198E255A5032003F4032 /* ViewController.swift in Sources */,
				4E64198A255A5032003F4032 /* AppDelegate.swift in Sources */,
				4E64198C255A5032003F4032 /* SceneDelegate.swift in Sources */,
			);
			runOnlyForDeploymentPostprocessing = 0;
		};
		4E641998255A5033003F4032 /* Sources */ = {
			isa = PBXSourcesBuildPhase;
			buildActionMask = 2147483647;
			files = (
				4E6419A1255A5033003F4032 /* soccer1Tests.swift in Sources */,
			);
			runOnlyForDeploymentPostprocessing = 0;
		};
		4E6419A3255A5033003F4032 /* Sources */ = {
			isa = PBXSourcesBuildPhase;
			buildActionMask = 2147483647;
			files = (
				4E6419AC255A5033003F4032 /* soccer1UITests.swift in Sources */,
			);
			runOnlyForDeploymentPostprocessing = 0;
		};
/* End PBXSourcesBuildPhase section */

/* Begin PBXTargetDependency section */
		4E64199E255A5033003F4032 /* PBXTargetDependency */ = {
			isa = PBXTargetDependency;
			target = 4E641985255A5032003F4032 /* soccer1 */;
			targetProxy = 4E64199D255A5033003F4032 /* PBXContainerItemProxy */;
		};
		4E6419A9255A5033003F4032 /* PBXTargetDependency */ = {
			isa = PBXTargetDependency;
			target = 4E641985255A5032003F4032 /* soccer1 */;
			targetProxy = 4E6419A8255A5033003F4032 /* PBXContainerItemProxy */;
		};
/* End PBXTargetDependency section */

/* Begin PBXVariantGroup section */
		4E64198F255A5032003F4032 /* Main.storyboard */ = {
			isa = PBXVariantGroup;
			children = (
				4E641990255A5032003F4032 /* Base */,
			);
			name = Main.storyboard;
			sourceTree = "<group>";
		};
		4E641994255A5033003F4032 /* LaunchScreen.storyboard */ = {
			isa = PBXVariantGroup;
			children = (
				4E641995255A5033003F4032 /* Base */,
			);
			name = LaunchScreen.storyboard;
			sourceTree = "<group>";
		};
/* End PBXVariantGroup section */

/* Begin XCBuildConfiguration section */
		4E6419AE255A5033003F4032 /* Debug */ = {
			isa = XCBuildConfiguration;
			buildSettings = {
				ALWAYS_SEARCH_USER_PATHS = NO;
				CLANG_ANALYZER_NONNULL = YES;
				CLANG_ANALYZER_NUMBER_OBJECT_CONVERSION = YES_AGGRESSIVE;
				CLANG_CXX_LANGUAGE_STANDARD = "gnu++14";
				CLANG_CXX_LIBRARY = "libc++";
				CLANG_ENABLE_MODULES = YES;
				CLANG_ENABLE_OBJC_ARC = YES;
				CLANG_ENABLE_OBJC_WEAK = YES;
				CLANG_WARN_BLOCK_CAPTURE_AUTORELEASING = YES;
				CLANG_WARN_BOOL_CONVERSION = YES;
				CLANG_WARN_COMMA = YES;
				CLANG_WARN_CONSTANT_CONVERSION = YES;
				CLANG_WARN_DEPRECATED_OBJC_IMPLEMENTATIONS = YES;
				CLANG_WARN_DIRECT_OBJC_ISA_USAGE = YES_ERROR;
				CLANG_WARN_DOCUMENTATION_COMMENTS = YES;
				CLANG_WARN_EMPTY_BODY = YES;
				CLANG_WARN_ENUM_CONVERSION = YES;
				CLANG_WARN_INFINITE_RECURSION = YES;
				CLANG_WARN_INT_CONVERSION = YES;
				CLANG_WARN_NON_LITERAL_NULL_CONVERSION = YES;
				CLANG_WARN_OBJC_IMPLICIT_RETAIN_SELF = YES;
				CLANG_WARN_OBJC_LITERAL_CONVERSION = YES;
				CLANG_WARN_OBJC_ROOT_CLASS = YES_ERROR;
				CLANG_WARN_QUOTED_INCLUDE_IN_FRAMEWORK_HEADER = YES;
				CLANG_WARN_RANGE_LOOP_ANALYSIS = YES;
				CLANG_WARN_STRICT_PROTOTYPES = YES;
				CLANG_WARN_SUSPICIOUS_MOVE = YES;
				CLANG_WARN_UNGUARDED_AVAILABILITY = YES_AGGRESSIVE;
				CLANG_WARN_UNREACHABLE_CODE = YES;
				CLANG_WARN__DUPLICATE_METHOD_MATCH = YES;
				COPY_PHASE_STRIP = NO;
				DEBUG_INFORMATION_FORMAT = dwarf;
				ENABLE_STRICT_OBJC_MSGSEND = YES;
				ENABLE_TESTABILITY = YES;
				GCC_C_LANGUAGE_STANDARD = gnu11;
				GCC_DYNAMIC_NO_PIC = NO;
				GCC_NO_COMMON_BLOCKS = YES;
				GCC_OPTIMIZATION_LEVEL = 0;
				GCC_PREPROCESSOR_DEFINITIONS = (
					"DEBUG=1",
					"$(inherited)",
				);
				GCC_WARN_64_TO_32_BIT_CONVERSION = YES;
				GCC_WARN_ABOUT_RETURN_TYPE = YES_ERROR;
				GCC_WARN_UNDECLARED_SELECTOR = YES;
				GCC_WARN_UNINITIALIZED_AUTOS = YES_AGGRESSIVE;
				GCC_WARN_UNUSED_FUNCTION = YES;
				GCC_WARN_UNUSED_VARIABLE = YES;
				IPHONEOS_DEPLOYMENT_TARGET = 14.2;
				MTL_ENABLE_DEBUG_INFO = INCLUDE_SOURCE;
				MTL_FAST_MATH = YES;
				ONLY_ACTIVE_ARCH = YES;
				SDKROOT = iphoneos;
				SWIFT_ACTIVE_COMPILATION_CONDITIONS = DEBUG;
				SWIFT_OPTIMIZATION_LEVEL = "-Onone";
			};
			name = Debug;
		};
		4E6419AF255A5033003F4032 /* Release */ = {
			isa = XCBuildConfiguration;
			buildSettings = {
				ALWAYS_SEARCH_USER_PATHS = NO;
				CLANG_ANALYZER_NONNULL = YES;
				CLANG_ANALYZER_NUMBER_OBJECT_CONVERSION = YES_AGGRESSIVE;
				CLANG_CXX_LANGUAGE_STANDARD = "gnu++14";
				CLANG_CXX_LIBRARY = "libc++";
				CLANG_ENABLE_MODULES = YES;
				CLANG_ENABLE_OBJC_ARC = YES;
				CLANG_ENABLE_OBJC_WEAK = YES;
				CLANG_WARN_BLOCK_CAPTURE_AUTORELEASING = YES;
				CLANG_WARN_BOOL_CONVERSION = YES;
				CLANG_WARN_COMMA = YES;
				CLANG_WARN_CONSTANT_CONVERSION = YES;
				CLANG_WARN_DEPRECATED_OBJC_IMPLEMENTATIONS = YES;
				CLANG_WARN_DIRECT_OBJC_ISA_USAGE = YES_ERROR;
				CLANG_WARN_DOCUMENTATION_COMMENTS = YES;
				CLANG_WARN_EMPTY_BODY = YES;
				CLANG_WARN_ENUM_CONVERSION = YES;
				CLANG_WARN_INFINITE_RECURSION = YES;
				CLANG_WARN_INT_CONVERSION = YES;
				CLANG_WARN_NON_LITERAL_NULL_CONVERSION = YES;
				CLANG_WARN_OBJC_IMPLICIT_RETAIN_SELF = YES;
				CLANG_WARN_OBJC_LITERAL_CONVERSION = YES;
				CLANG_WARN_OBJC_ROOT_CLASS = YES_ERROR;
				CLANG_WARN_QUOTED_INCLUDE_IN_FRAMEWORK_HEADER = YES;
				CLANG_WARN_RANGE_LOOP_ANALYSIS = YES;
				CLANG_WARN_STRICT_PROTOTYPES = YES;
				CLANG_WARN_SUSPICIOUS_MOVE = YES;
				CLANG_WARN_UNGUARDED_AVAILABILITY = YES_AGGRESSIVE;
				CLANG_WARN_UNREACHABLE_CODE = YES;
				CLANG_WARN__DUPLICATE_METHOD_MATCH = YES;
				COPY_PHASE_STRIP = NO;
				DEBUG_INFORMATION_FORMAT = "dwarf-with-dsym";
				ENABLE_NS_ASSERTIONS = NO;
				ENABLE_STRICT_OBJC_MSGSEND = YES;
				GCC_C_LANGUAGE_STANDARD = gnu11;
				GCC_NO_COMMON_BLOCKS = YES;
				GCC_WARN_64_TO_32_BIT_CONVERSION = YES;
				GCC_WARN_ABOUT_RETURN_TYPE = YES_ERROR;
				GCC_WARN_UNDECLARED_SELECTOR = YES;
				GCC_WARN_UNINITIALIZED_AUTOS = YES_AGGRESSIVE;
				GCC_WARN_UNUSED_FUNCTION = YES;
				GCC_WARN_UNUSED_VARIABLE = YES;
				IPHONEOS_DEPLOYMENT_TARGET = 14.2;
				MTL_ENABLE_DEBUG_INFO = NO;
				MTL_FAST_MATH = YES;
				SDKROOT = iphoneos;
				SWIFT_COMPILATION_MODE = wholemodule;
				SWIFT_OPTIMIZATION_LEVEL = "-O";
				VALIDATE_PRODUCT = YES;
			};
			name = Release;
		};
		4E6419B1255A5033003F4032 /* Debug */ = {
			isa = XCBuildConfiguration;
			buildSettings = {
				ASSETCATALOG_COMPILER_APPICON_NAME = AppIcon;
				ASSETCATALOG_COMPILER_GLOBAL_ACCENT_COLOR_NAME = AccentColor;
				CODE_SIGN_STYLE = Automatic;
				INFOPLIST_FILE = soccer1/Info.plist;
				LD_RUNPATH_SEARCH_PATHS = (
					"$(inherited)",
					"@executable_path/Frameworks",
				);
				PRODUCT_BUNDLE_IDENTIFIER = riza.soccer1;
				PRODUCT_NAME = "$(TARGET_NAME)";
				SWIFT_VERSION = 5.0;
				TARGETED_DEVICE_FAMILY = "1,2";
			};
			name = Debug;
		};
		4E6419B2255A5033003F4032 /* Release */ = {
			isa = XCBuildConfiguration;
			buildSettings = {
				ASSETCATALOG_COMPILER_APPICON_NAME = AppIcon;
				ASSETCATALOG_COMPILER_GLOBAL_ACCENT_COLOR_NAME = AccentColor;
				CODE_SIGN_STYLE = Automatic;
				INFOPLIST_FILE = soccer1/Info.plist;
				LD_RUNPATH_SEARCH_PATHS = (
					"$(inherited)",
					"@executable_path/Frameworks",
				);
				PRODUCT_BUNDLE_IDENTIFIER = riza.soccer1;
				PRODUCT_NAME = "$(TARGET_NAME)";
				SWIFT_VERSION = 5.0;
				TARGETED_DEVICE_FAMILY = "1,2";
			};
			name = Release;
		};
		4E6419B4255A5033003F4032 /* Debug */ = {
			isa = XCBuildConfiguration;
			buildSettings = {
				ALWAYS_EMBED_SWIFT_STANDARD_LIBRARIES = YES;
				BUNDLE_LOADER = "$(TEST_HOST)";
				CODE_SIGN_STYLE = Automatic;
				INFOPLIST_FILE = soccer1Tests/Info.plist;
				IPHONEOS_DEPLOYMENT_TARGET = 14.2;
				LD_RUNPATH_SEARCH_PATHS = (
					"$(inherited)",
					"@executable_path/Frameworks",
					"@loader_path/Frameworks",
				);
				PRODUCT_BUNDLE_IDENTIFIER = riza.soccer1Tests;
				PRODUCT_NAME = "$(TARGET_NAME)";
				SWIFT_VERSION = 5.0;
				TARGETED_DEVICE_FAMILY = "1,2";
				TEST_HOST = "$(BUILT_PRODUCTS_DIR)/soccer1.app/soccer1";
			};
			name = Debug;
		};
		4E6419B5255A5033003F4032 /* Release */ = {
			isa = XCBuildConfiguration;
			buildSettings = {
				ALWAYS_EMBED_SWIFT_STANDARD_LIBRARIES = YES;
				BUNDLE_LOADER = "$(TEST_HOST)";
				CODE_SIGN_STYLE = Automatic;
				INFOPLIST_FILE = soccer1Tests/Info.plist;
				IPHONEOS_DEPLOYMENT_TARGET = 14.2;
				LD_RUNPATH_SEARCH_PATHS = (
					"$(inherited)",
					"@executable_path/Frameworks",
					"@loader_path/Frameworks",
				);
				PRODUCT_BUNDLE_IDENTIFIER = riza.soccer1Tests;
				PRODUCT_NAME = "$(TARGET_NAME)";
				SWIFT_VERSION = 5.0;
				TARGETED_DEVICE_FAMILY = "1,2";
				TEST_HOST = "$(BUILT_PRODUCTS_DIR)/soccer1.app/soccer1";
			};
			name = Release;
		};
		4E6419B7255A5033003F4032 /* Debug */ = {
			isa = XCBuildConfiguration;
			buildSettings = {
				ALWAYS_EMBED_SWIFT_STANDARD_LIBRARIES = YES;
				CODE_SIGN_STYLE = Automatic;
				INFOPLIST_FILE = soccer1UITests/Info.plist;
				LD_RUNPATH_SEARCH_PATHS = (
					"$(inherited)",
					"@executable_path/Frameworks",
					"@loader_path/Frameworks",
				);
				PRODUCT_BUNDLE_IDENTIFIER = riza.soccer1UITests;
				PRODUCT_NAME = "$(TARGET_NAME)";
				SWIFT_VERSION = 5.0;
				TARGETED_DEVICE_FAMILY = "1,2";
				TEST_TARGET_NAME = soccer1;
			};
			name = Debug;
		};
		4E6419B8255A5033003F4032 /* Release */ = {
			isa = XCBuildConfiguration;
			buildSettings = {
				ALWAYS_EMBED_SWIFT_STANDARD_LIBRARIES = YES;
				CODE_SIGN_STYLE = Automatic;
				INFOPLIST_FILE = soccer1UITests/Info.plist;
				LD_RUNPATH_SEARCH_PATHS = (
					"$(inherited)",
					"@executable_path/Frameworks",
					"@loader_path/Frameworks",
				);
				PRODUCT_BUNDLE_IDENTIFIER = riza.soccer1UITests;
				PRODUCT_NAME = "$(TARGET_NAME)";
				SWIFT_VERSION = 5.0;
				TARGETED_DEVICE_FAMILY = "1,2";
				TEST_TARGET_NAME = soccer1;
			};
			name = Release;
		};
/* End XCBuildConfiguration section */

/* Begin XCConfigurationList section */
		4E641981255A5032003F4032 /* Build configuration list for PBXProject "soccer1" */ = {
			isa = XCConfigurationList;
			buildConfigurations = (
				4E6419AE255A5033003F4032 /* Debug */,
				4E6419AF255A5033003F4032 /* Release */,
			);
			defaultConfigurationIsVisible = 0;
			defaultConfigurationName = Release;
		};
		4E6419B0255A5033003F4032 /* Build configuration list for PBXNativeTarget "soccer1" */ = {
			isa = XCConfigurationList;
			buildConfigurations = (
				4E6419B1255A5033003F4032 /* Debug */,
				4E6419B2255A5033003F4032 /* Release */,
			);
			defaultConfigurationIsVisible = 0;
			defaultConfigurationName = Release;
		};
		4E6419B3255A5033003F4032 /* Build configuration list for PBXNativeTarget "soccer1Tests" */ = {
			isa = XCConfigurationList;
			buildConfigurations = (
				4E6419B4255A5033003F4032 /* Debug */,
				4E6419B5255A5033003F4032 /* Release */,
			);
			defaultConfigurationIsVisible = 0;
			defaultConfigurationName = Release;
		};
		4E6419B6255A5033003F4032 /* Build configuration list for PBXNativeTarget "soccer1UITests" */ = {
			isa = XCConfigurationList;
			buildConfigurations = (
				4E6419B7255A5033003F4032 /* Debug */,
				4E6419B8255A5033003F4032 /* Release */,
			);
			defaultConfigurationIsVisible = 0;
			defaultConfigurationName = Release;
		};
/* End XCConfigurationList section */
	};
	rootObject = 4E64197E255A5032003F4032 /* Project object */;
}
